// !$*UTF8*$!
{
	archiveVersion = 1;
	classes = {
	};
	objectVersion = 48;
	objects = {

/* Begin PBXBuildFile section */
		D43B506B1F6DCC3D00116DAE /* AppDelegate.swift in Sources */ = {isa = PBXBuildFile; fileRef = D43B506A1F6DCC3D00116DAE /* AppDelegate.swift */; };
		D43B506D1F6DCC3D00116DAE /* art.scnassets in Resources */ = {isa = PBXBuildFile; fileRef = D43B506C1F6DCC3D00116DAE /* art.scnassets */; };
		D43B506F1F6DCC3D00116DAE /* ViewController.swift in Sources */ = {isa = PBXBuildFile; fileRef = D43B506E1F6DCC3D00116DAE /* ViewController.swift */; };
		D43B50721F6DCC3D00116DAE /* Main.storyboard in Resources */ = {isa = PBXBuildFile; fileRef = D43B50701F6DCC3D00116DAE /* Main.storyboard */; };
		D43B50741F6DCC3D00116DAE /* Assets.xcassets in Resources */ = {isa = PBXBuildFile; fileRef = D43B50731F6DCC3D00116DAE /* Assets.xcassets */; };
		D43B50771F6DCC3D00116DAE /* LaunchScreen.storyboard in Resources */ = {isa = PBXBuildFile; fileRef = D43B50751F6DCC3D00116DAE /* LaunchScreen.storyboard */; };
/* End PBXBuildFile section */

/* Begin PBXFileReference section */
		D43B50671F6DCC3D00116DAE /* MemoSpace.app */ = {isa = PBXFileReference; explicitFileType = wrapper.application; includeInIndex = 0; path = MemoSpace.app; sourceTree = BUILT_PRODUCTS_DIR; };
		D43B506A1F6DCC3D00116DAE /* AppDelegate.swift */ = {isa = PBXFileReference; lastKnownFileType = sourcecode.swift; path = AppDelegate.swift; sourceTree = "<group>"; };
		D43B506C1F6DCC3D00116DAE /* art.scnassets */ = {isa = PBXFileReference; lastKnownFileType = wrapper.scnassets; path = art.scnassets; sourceTree = "<group>"; };
		D43B506E1F6DCC3D00116DAE /* ViewController.swift */ = {isa = PBXFileReference; lastKnownFileType = sourcecode.swift; path = ViewController.swift; sourceTree = "<group>"; };
		D43B50711F6DCC3D00116DAE /* Base */ = {isa = PBXFileReference; lastKnownFileType = file.storyboard; name = Base; path = Base.lproj/Main.storyboard; sourceTree = "<group>"; };
		D43B50731F6DCC3D00116DAE /* Assets.xcassets */ = {isa = PBXFileReference; lastKnownFileType = folder.assetcatalog; path = Assets.xcassets; sourceTree = "<group>"; };
		D43B50761F6DCC3D00116DAE /* Base */ = {isa = PBXFileReference; lastKnownFileType = file.storyboard; name = Base; path = Base.lproj/LaunchScreen.storyboard; sourceTree = "<group>"; };
		D43B50781F6DCC3D00116DAE /* Info.plist */ = {isa = PBXFileReference; lastKnownFileType = text.plist.xml; path = Info.plist; sourceTree = "<group>"; };
/* End PBXFileReference section */

/* Begin PBXFrameworksBuildPhase section */
		D43B50641F6DCC3D00116DAE /* Frameworks */ = {
			isa = PBXFrameworksBuildPhase;
			buildActionMask = 2147483647;
			files = (
			);
			runOnlyForDeploymentPostprocessing = 0;
		};
/* End PBXFrameworksBuildPhase section */

/* Begin PBXGroup section */
		D43B505E1F6DCC3C00116DAE = {
			isa = PBXGroup;
			children = (
				D43B50691F6DCC3D00116DAE /* MemoSpace */,
				D43B50681F6DCC3D00116DAE /* Products */,
			);
			sourceTree = "<group>";
		};
		D43B50681F6DCC3D00116DAE /* Products */ = {
			isa = PBXGroup;
			children = (
				D43B50671F6DCC3D00116DAE /* MemoSpace.app */,
			);
			name = Products;
			sourceTree = "<group>";
		};
		D43B50691F6DCC3D00116DAE /* MemoSpace */ = {
			isa = PBXGroup;
			children = (
				D43B506A1F6DCC3D00116DAE /* AppDelegate.swift */,
				D43B506C1F6DCC3D00116DAE /* art.scnassets */,
				D43B506E1F6DCC3D00116DAE /* ViewController.swift */,
				D43B50701F6DCC3D00116DAE /* Main.storyboard */,
				D43B50731F6DCC3D00116DAE /* Assets.xcassets */,
				D43B50751F6DCC3D00116DAE /* LaunchScreen.storyboard */,
				D43B50781F6DCC3D00116DAE /* Info.plist */,
			);
			path = MemoSpace;
			sourceTree = "<group>";
		};
/* End PBXGroup section */

/* Begin PBXNativeTarget section */
		D43B50661F6DCC3D00116DAE /* MemoSpace */ = {
			isa = PBXNativeTarget;
			buildConfigurationList = D43B507B1F6DCC3D00116DAE /* Build configuration list for PBXNativeTarget "MemoSpace" */;
			buildPhases = (
				D43B50631F6DCC3D00116DAE /* Sources */,
				D43B50641F6DCC3D00116DAE /* Frameworks */,
				D43B50651F6DCC3D00116DAE /* Resources */,
			);
			buildRules = (
			);
			dependencies = (
			);
			name = MemoSpace;
			productName = MemoSpace;
			productReference = D43B50671F6DCC3D00116DAE /* MemoSpace.app */;
			productType = "com.apple.product-type.application";
		};
/* End PBXNativeTarget section */

/* Begin PBXProject section */
		D43B505F1F6DCC3C00116DAE /* Project object */ = {
			isa = PBXProject;
			attributes = {
				LastSwiftUpdateCheck = 0900;
				LastUpgradeCheck = 0900;
				ORGANIZATIONNAME = MemoSpace;
				TargetAttributes = {
					D43B50661F6DCC3D00116DAE = {
						CreatedOnToolsVersion = 9.0;
						ProvisioningStyle = Automatic;
					};
				};
			};
			buildConfigurationList = D43B50621F6DCC3C00116DAE /* Build configuration list for PBXProject "MemoSpace" */;
			compatibilityVersion = "Xcode 8.0";
			developmentRegion = en;
			hasScannedForEncodings = 0;
			knownRegions = (
				en,
				Base,
			);
			mainGroup = D43B505E1F6DCC3C00116DAE;
			productRefGroup = D43B50681F6DCC3D00116DAE /* Products */;
			projectDirPath = "";
			projectRoot = "";
			targets = (
				D43B50661F6DCC3D00116DAE /* MemoSpace */,
			);
		};
/* End PBXProject section */

/* Begin PBXResourcesBuildPhase section */
		D43B50651F6DCC3D00116DAE /* Resources */ = {
			isa = PBXResourcesBuildPhase;
			buildActionMask = 2147483647;
			files = (
				D43B506D1F6DCC3D00116DAE /* art.scnassets in Resources */,
				D43B50771F6DCC3D00116DAE /* LaunchScreen.storyboard in Resources */,
				D43B50741F6DCC3D00116DAE /* Assets.xcassets in Resources */,
				D43B50721F6DCC3D00116DAE /* Main.storyboard in Resources */,
			);
			runOnlyForDeploymentPostprocessing = 0;
		};
/* End PBXResourcesBuildPhase section */

/* Begin PBXSourcesBuildPhase section */
		D43B50631F6DCC3D00116DAE /* Sources */ = {
			isa = PBXSourcesBuildPhase;
			buildActionMask = 2147483647;
			files = (
				D43B506F1F6DCC3D00116DAE /* ViewController.swift in Sources */,
				D43B506B1F6DCC3D00116DAE /* AppDelegate.swift in Sources */,
			);
			runOnlyForDeploymentPostprocessing = 0;
		};
/* End PBXSourcesBuildPhase section */

/* Begin PBXVariantGroup section */
		D43B50701F6DCC3D00116DAE /* Main.storyboard */ = {
			isa = PBXVariantGroup;
			children = (
				D43B50711F6DCC3D00116DAE /* Base */,
			);
			name = Main.storyboard;
			sourceTree = "<group>";
		};
		D43B50751F6DCC3D00116DAE /* LaunchScreen.storyboard */ = {
			isa = PBXVariantGroup;
			children = (
				D43B50761F6DCC3D00116DAE /* Base */,
			);
			name = LaunchScreen.storyboard;
			sourceTree = "<group>";
		};
/* End PBXVariantGroup section */

/* Begin XCBuildConfiguration section */
		D43B50791F6DCC3D00116DAE /* Debug */ = {
			isa = XCBuildConfiguration;
			buildSettings = {
				ALWAYS_SEARCH_USER_PATHS = NO;
				CLANG_ANALYZER_NONNULL = YES;
				CLANG_ANALYZER_NUMBER_OBJECT_CONVERSION = YES_AGGRESSIVE;
				CLANG_CXX_LANGUAGE_STANDARD = "gnu++14";
				CLANG_CXX_LIBRARY = "libc++";
				CLANG_ENABLE_MODULES = YES;
				CLANG_ENABLE_OBJC_ARC = YES;
				CLANG_WARN_BLOCK_CAPTURE_AUTORELEASING = YES;
				CLANG_WARN_BOOL_CONVERSION = YES;
				CLANG_WARN_COMMA = YES;
				CLANG_WARN_CONSTANT_CONVERSION = YES;
				CLANG_WARN_DIRECT_OBJC_ISA_USAGE = YES_ERROR;
				CLANG_WARN_DOCUMENTATION_COMMENTS = YES;
				CLANG_WARN_EMPTY_BODY = YES;
				CLANG_WARN_ENUM_CONVERSION = YES;
				CLANG_WARN_INFINITE_RECURSION = YES;
				CLANG_WARN_INT_CONVERSION = YES;
				CLANG_WARN_NON_LITERAL_NULL_CONVERSION = YES;
				CLANG_WARN_OBJC_LITERAL_CONVERSION = YES;
				CLANG_WARN_OBJC_ROOT_CLASS = YES_ERROR;
				CLANG_WARN_RANGE_LOOP_ANALYSIS = YES;
				CLANG_WARN_STRICT_PROTOTYPES = YES;
				CLANG_WARN_SUSPICIOUS_MOVE = YES;
				CLANG_WARN_UNGUARDED_AVAILABILITY = YES_AGGRESSIVE;
				CLANG_WARN_UNREACHABLE_CODE = YES;
				CLANG_WARN__DUPLICATE_METHOD_MATCH = YES;
				CODE_SIGN_IDENTITY = "iPhone Developer";
				COPY_PHASE_STRIP = NO;
				DEBUG_INFORMATION_FORMAT = dwarf;
				ENABLE_STRICT_OBJC_MSGSEND = YES;
				ENABLE_TESTABILITY = YES;
				GCC_C_LANGUAGE_STANDARD = gnu11;
				GCC_DYNAMIC_NO_PIC = NO;
				GCC_NO_COMMON_BLOCKS = YES;
				GCC_OPTIMIZATION_LEVEL = 0;
				GCC_PREPROCESSOR_DEFINITIONS = (
					"DEBUG=1",
					"$(inherited)",
				);
				GCC_WARN_64_TO_32_BIT_CONVERSION = YES;
				GCC_WARN_ABOUT_RETURN_TYPE = YES_ERROR;
				GCC_WARN_UNDECLARED_SELECTOR = YES;
				GCC_WARN_UNINITIALIZED_AUTOS = YES_AGGRESSIVE;
				GCC_WARN_UNUSED_FUNCTION = YES;
				GCC_WARN_UNUSED_VARIABLE = YES;
				IPHONEOS_DEPLOYMENT_TARGET = 11.0;
				MTL_ENABLE_DEBUG_INFO = YES;
				ONLY_ACTIVE_ARCH = YES;
				SDKROOT = iphoneos;
				SWIFT_ACTIVE_COMPILATION_CONDITIONS = DEBUG;
				SWIFT_OPTIMIZATION_LEVEL = "-Onone";
			};
			name = Debug;
		};
		D43B507A1F6DCC3D00116DAE /* Release */ = {
			isa = XCBuildConfiguration;
			buildSettings = {
				ALWAYS_SEARCH_USER_PATHS = NO;
				CLANG_ANALYZER_NONNULL = YES;
				CLANG_ANALYZER_NUMBER_OBJECT_CONVERSION = YES_AGGRESSIVE;
				CLANG_CXX_LANGUAGE_STANDARD = "gnu++14";
				CLANG_CXX_LIBRARY = "libc++";
				CLANG_ENABLE_MODULES = YES;
				CLANG_ENABLE_OBJC_ARC = YES;
				CLANG_WARN_BLOCK_CAPTURE_AUTORELEASING = YES;
				CLANG_WARN_BOOL_CONVERSION = YES;
				CLANG_WARN_COMMA = YES;
				CLANG_WARN_CONSTANT_CONVERSION = YES;
				CLANG_WARN_DIRECT_OBJC_ISA_USAGE = YES_ERROR;
				CLANG_WARN_DOCUMENTATION_COMMENTS = YES;
				CLANG_WARN_EMPTY_BODY = YES;
				CLANG_WARN_ENUM_CONVERSION = YES;
				CLANG_WARN_INFINITE_RECURSION = YES;
				CLANG_WARN_INT_CONVERSION = YES;
				CLANG_WARN_NON_LITERAL_NULL_CONVERSION = YES;
				CLANG_WARN_OBJC_LITERAL_CONVERSION = YES;
				CLANG_WARN_OBJC_ROOT_CLASS = YES_ERROR;
				CLANG_WARN_RANGE_LOOP_ANALYSIS = YES;
				CLANG_WARN_STRICT_PROTOTYPES = YES;
				CLANG_WARN_SUSPICIOUS_MOVE = YES;
				CLANG_WARN_UNGUARDED_AVAILABILITY = YES_AGGRESSIVE;
				CLANG_WARN_UNREACHABLE_CODE = YES;
				CLANG_WARN__DUPLICATE_METHOD_MATCH = YES;
				CODE_SIGN_IDENTITY = "iPhone Developer";
				COPY_PHASE_STRIP = NO;
				DEBUG_INFORMATION_FORMAT = "dwarf-with-dsym";
				ENABLE_NS_ASSERTIONS = NO;
				ENABLE_STRICT_OBJC_MSGSEND = YES;
				GCC_C_LANGUAGE_STANDARD = gnu11;
				GCC_NO_COMMON_BLOCKS = YES;
				GCC_WARN_64_TO_32_BIT_CONVERSION = YES;
				GCC_WARN_ABOUT_RETURN_TYPE = YES_ERROR;
				GCC_WARN_UNDECLARED_SELECTOR = YES;
				GCC_WARN_UNINITIALIZED_AUTOS = YES_AGGRESSIVE;
				GCC_WARN_UNUSED_FUNCTION = YES;
				GCC_WARN_UNUSED_VARIABLE = YES;
				IPHONEOS_DEPLOYMENT_TARGET = 11.0;
				MTL_ENABLE_DEBUG_INFO = NO;
				SDKROOT = iphoneos;
				SWIFT_OPTIMIZATION_LEVEL = "-Owholemodule";
				VALIDATE_PRODUCT = YES;
			};
			name = Release;
		};
		D43B507C1F6DCC3D00116DAE /* Debug */ = {
			isa = XCBuildConfiguration;
			buildSettings = {
				ASSETCATALOG_COMPILER_APPICON_NAME = AppIcon;
				CODE_SIGN_STYLE = Automatic;
				DEVELOPMENT_TEAM = J5QMF2757M;
				INFOPLIST_FILE = MemoSpace/Info.plist;
				LD_RUNPATH_SEARCH_PATHS = "$(inherited) @executable_path/Frameworks";
				PRODUCT_BUNDLE_IDENTIFIER = memo123.MemoSpace;
				PRODUCT_NAME = "$(TARGET_NAME)";
				SWIFT_VERSION = 4.0;
				TARGETED_DEVICE_FAMILY = "1,2";
			};
			name = Debug;
		};
		D43B507D1F6DCC3D00116DAE /* Release */ = {
			isa = XCBuildConfiguration;
			buildSettings = {
				ASSETCATALOG_COMPILER_APPICON_NAME = AppIcon;
				CODE_SIGN_STYLE = Automatic;
				DEVELOPMENT_TEAM = J5QMF2757M;
				INFOPLIST_FILE = MemoSpace/Info.plist;
				LD_RUNPATH_SEARCH_PATHS = "$(inherited) @executable_path/Frameworks";
				PRODUCT_BUNDLE_IDENTIFIER = memo123.MemoSpace;
				PRODUCT_NAME = "$(TARGET_NAME)";
				SWIFT_VERSION = 4.0;
				TARGETED_DEVICE_FAMILY = "1,2";
			};
			name = Release;
		};
/* End XCBuildConfiguration section */

/* Begin XCConfigurationList section */
		D43B50621F6DCC3C00116DAE /* Build configuration list for PBXProject "MemoSpace" */ = {
			isa = XCConfigurationList;
			buildConfigurations = (
				D43B50791F6DCC3D00116DAE /* Debug */,
				D43B507A1F6DCC3D00116DAE /* Release */,
			);
			defaultConfigurationIsVisible = 0;
			defaultConfigurationName = Release;
		};
		D43B507B1F6DCC3D00116DAE /* Build configuration list for PBXNativeTarget "MemoSpace" */ = {
			isa = XCConfigurationList;
			buildConfigurations = (
				D43B507C1F6DCC3D00116DAE /* Debug */,
				D43B507D1F6DCC3D00116DAE /* Release */,
			);
			defaultConfigurationIsVisible = 0;
			defaultConfigurationName = Release;
		};
/* End XCConfigurationList section */
	};
	rootObject = D43B505F1F6DCC3C00116DAE /* Project object */;
}
