// !$*UTF8*$!
{
	archiveVersion = 1;
	classes = {
	};
	objectVersion = 48;
	objects = {

/* Begin PBXBuildFile section */
		D43B506B1F6DCC3D00116DAE /* AppDelegate.swift in Sources */ = {isa = PBXBuildFile; fileRef = D43B506A1F6DCC3D00116DAE /* AppDelegate.swift */; };
		D43B506F1F6DCC3D00116DAE /* ViewController.swift in Sources */ = {isa = PBXBuildFile; fileRef = D43B506E1F6DCC3D00116DAE /* ViewController.swift */; };
		D43B50721F6DCC3D00116DAE /* Main.storyboard in Resources */ = {isa = PBXBuildFile; fileRef = D43B50701F6DCC3D00116DAE /* Main.storyboard */; };
		D43B50741F6DCC3D00116DAE /* Assets.xcassets in Resources */ = {isa = PBXBuildFile; fileRef = D43B50731F6DCC3D00116DAE /* Assets.xcassets */; };
		D43B50771F6DCC3D00116DAE /* LaunchScreen.storyboard in Resources */ = {isa = PBXBuildFile; fileRef = D43B50751F6DCC3D00116DAE /* LaunchScreen.storyboard */; };
		D43B507F1F6DE80700116DAE /* CoreLocation.framework in Frameworks */ = {isa = PBXBuildFile; fileRef = D43B507E1F6DE80700116DAE /* CoreLocation.framework */; };
		F24EB359A7E29D214B8DC143 /* Pods_MemoSpace.framework in Frameworks */ = {isa = PBXBuildFile; fileRef = 039FF246AD466BD31DCBFC04 /* Pods_MemoSpace.framework */; };
/* End PBXBuildFile section */

/* Begin PBXFileReference section */
		039FF246AD466BD31DCBFC04 /* Pods_MemoSpace.framework */ = {isa = PBXFileReference; explicitFileType = wrapper.framework; includeInIndex = 0; path = Pods_MemoSpace.framework; sourceTree = BUILT_PRODUCTS_DIR; };
		2E9CE80514D2AE53DF07439A /* Pods-MemoSpace.debug.xcconfig */ = {isa = PBXFileReference; includeInIndex = 1; lastKnownFileType = text.xcconfig; name = "Pods-MemoSpace.debug.xcconfig"; path = "Pods/Target Support Files/Pods-MemoSpace/Pods-MemoSpace.debug.xcconfig"; sourceTree = "<group>"; };
		447F37D2AA7261671D816C7A /* Pods-MemoSpace.release.xcconfig */ = {isa = PBXFileReference; includeInIndex = 1; lastKnownFileType = text.xcconfig; name = "Pods-MemoSpace.release.xcconfig"; path = "Pods/Target Support Files/Pods-MemoSpace/Pods-MemoSpace.release.xcconfig"; sourceTree = "<group>"; };
		D43B50671F6DCC3D00116DAE /* MemoSpace.app */ = {isa = PBXFileReference; explicitFileType = wrapper.application; includeInIndex = 0; path = MemoSpace.app; sourceTree = BUILT_PRODUCTS_DIR; };
		D43B506A1F6DCC3D00116DAE /* AppDelegate.swift */ = {isa = PBXFileReference; lastKnownFileType = sourcecode.swift; path = AppDelegate.swift; sourceTree = "<group>"; };
		D43B506E1F6DCC3D00116DAE /* ViewController.swift */ = {isa = PBXFileReference; lastKnownFileType = sourcecode.swift; path = ViewController.swift; sourceTree = "<group>"; };
		D43B50711F6DCC3D00116DAE /* Base */ = {isa = PBXFileReference; lastKnownFileType = file.storyboard; name = Base; path = Base.lproj/Main.storyboard; sourceTree = "<group>"; };
		D43B50731F6DCC3D00116DAE /* Assets.xcassets */ = {isa = PBXFileReference; lastKnownFileType = folder.assetcatalog; path = Assets.xcassets; sourceTree = "<group>"; };
		D43B50761F6DCC3D00116DAE /* Base */ = {isa = PBXFileReference; lastKnownFileType = file.storyboard; name = Base; path = Base.lproj/LaunchScreen.storyboard; sourceTree = "<group>"; };
		D43B50781F6DCC3D00116DAE /* Info.plist */ = {isa = PBXFileReference; lastKnownFileType = text.plist.xml; path = Info.plist; sourceTree = "<group>"; };
		D43B507E1F6DE80700116DAE /* CoreLocation.framework */ = {isa = PBXFileReference; lastKnownFileType = wrapper.framework; name = CoreLocation.framework; path = System/Library/Frameworks/CoreLocation.framework; sourceTree = SDKROOT; };
/* End PBXFileReference section */

/* Begin PBXFrameworksBuildPhase section */
		D43B50641F6DCC3D00116DAE /* Frameworks */ = {
			isa = PBXFrameworksBuildPhase;
			buildActionMask = 2147483647;
			files = (
				D43B507F1F6DE80700116DAE /* CoreLocation.framework in Frameworks */,
				F24EB359A7E29D214B8DC143 /* Pods_MemoSpace.framework in Frameworks */,
			);
			runOnlyForDeploymentPostprocessing = 0;
		};
/* End PBXFrameworksBuildPhase section */

/* Begin PBXGroup section */
		6C85AF4BA9EDA3D1423B910B /* Pods */ = {
			isa = PBXGroup;
			children = (
				2E9CE80514D2AE53DF07439A /* Pods-MemoSpace.debug.xcconfig */,
				447F37D2AA7261671D816C7A /* Pods-MemoSpace.release.xcconfig */,
			);
			name = Pods;
			sourceTree = "<group>";
		};
		D43B505E1F6DCC3C00116DAE = {
			isa = PBXGroup;
			children = (
				D43B50691F6DCC3D00116DAE /* MemoSpace */,
				D43B50681F6DCC3D00116DAE /* Products */,
				6C85AF4BA9EDA3D1423B910B /* Pods */,
				D6C6D4AEBCD6280B502A3164 /* Frameworks */,
			);
			sourceTree = "<group>";
		};
		D43B50681F6DCC3D00116DAE /* Products */ = {
			isa = PBXGroup;
			children = (
				D43B50671F6DCC3D00116DAE /* MemoSpace.app */,
			);
			name = Products;
			sourceTree = "<group>";
		};
		D43B50691F6DCC3D00116DAE /* MemoSpace */ = {
			isa = PBXGroup;
			children = (
				D43B506A1F6DCC3D00116DAE /* AppDelegate.swift */,
				D43B506E1F6DCC3D00116DAE /* ViewController.swift */,
				D43B50701F6DCC3D00116DAE /* Main.storyboard */,
				D43B50731F6DCC3D00116DAE /* Assets.xcassets */,
				D43B50751F6DCC3D00116DAE /* LaunchScreen.storyboard */,
				D43B50781F6DCC3D00116DAE /* Info.plist */,
			);
			path = MemoSpace;
			sourceTree = "<group>";
		};
		D6C6D4AEBCD6280B502A3164 /* Frameworks */ = {
			isa = PBXGroup;
			children = (
				D43B507E1F6DE80700116DAE /* CoreLocation.framework */,
				039FF246AD466BD31DCBFC04 /* Pods_MemoSpace.framework */,
			);
			name = Frameworks;
			sourceTree = "<group>";
		};
/* End PBXGroup section */

/* Begin PBXNativeTarget section */
		D43B50661F6DCC3D00116DAE /* MemoSpace */ = {
			isa = PBXNativeTarget;
			buildConfigurationList = D43B507B1F6DCC3D00116DAE /* Build configuration list for PBXNativeTarget "MemoSpace" */;
			buildPhases = (
				FF3F77AD712F05875D70F879 /* [CP] Check Pods Manifest.lock */,
				D43B50631F6DCC3D00116DAE /* Sources */,
				D43B50641F6DCC3D00116DAE /* Frameworks */,
				D43B50651F6DCC3D00116DAE /* Resources */,
				8A19CD3A63CA27C820D7E689 /* [CP] Embed Pods Frameworks */,
				979E7476A1CABCE2C88D3373 /* [CP] Copy Pods Resources */,
			);
			buildRules = (
			);
			dependencies = (
			);
			name = MemoSpace;
			productName = MemoSpace;
			productReference = D43B50671F6DCC3D00116DAE /* MemoSpace.app */;
			productType = "com.apple.product-type.application";
		};
/* End PBXNativeTarget section */

/* Begin PBXProject section */
		D43B505F1F6DCC3C00116DAE /* Project object */ = {
			isa = PBXProject;
			attributes = {
				LastSwiftUpdateCheck = 0900;
				LastUpgradeCheck = 0900;
				ORGANIZATIONNAME = MemoSpace;
				TargetAttributes = {
					D43B50661F6DCC3D00116DAE = {
						CreatedOnToolsVersion = 9.0;
						ProvisioningStyle = Automatic;
					};
				};
			};
			buildConfigurationList = D43B50621F6DCC3C00116DAE /* Build configuration list for PBXProject "MemoSpace" */;
			compatibilityVersion = "Xcode 8.0";
			developmentRegion = en;
			hasScannedForEncodings = 0;
			knownRegions = (
				en,
				Base,
			);
			mainGroup = D43B505E1F6DCC3C00116DAE;
			productRefGroup = D43B50681F6DCC3D00116DAE /* Products */;
			projectDirPath = "";
			projectRoot = "";
			targets = (
				D43B50661F6DCC3D00116DAE /* MemoSpace */,
			);
		};
/* End PBXProject section */

/* Begin PBXResourcesBuildPhase section */
		D43B50651F6DCC3D00116DAE /* Resources */ = {
			isa = PBXResourcesBuildPhase;
			buildActionMask = 2147483647;
			files = (
				D43B50771F6DCC3D00116DAE /* LaunchScreen.storyboard in Resources */,
				D43B50741F6DCC3D00116DAE /* Assets.xcassets in Resources */,
				D43B50721F6DCC3D00116DAE /* Main.storyboard in Resources */,
			);
			runOnlyForDeploymentPostprocessing = 0;
		};
/* End PBXResourcesBuildPhase section */

/* Begin PBXShellScriptBuildPhase section */
		8A19CD3A63CA27C820D7E689 /* [CP] Embed Pods Frameworks */ = {
			isa = PBXShellScriptBuildPhase;
			buildActionMask = 2147483647;
			files = (
			);
			inputPaths = (
				"${SRCROOT}/Pods/Target Support Files/Pods-MemoSpace/Pods-MemoSpace-frameworks.sh",
				"${BUILT_PRODUCTS_DIR}/Alamofire/Alamofire.framework",
				"${BUILT_PRODUCTS_DIR}/SwiftGifOrigin/SwiftGifOrigin.framework",
				"${BUILT_PRODUCTS_DIR}/SwiftyJSON/SwiftyJSON.framework",
			);
			name = "[CP] Embed Pods Frameworks";
			outputPaths = (
				"${TARGET_BUILD_DIR}/${FRAMEWORKS_FOLDER_PATH}/Alamofire.framework",
				"${TARGET_BUILD_DIR}/${FRAMEWORKS_FOLDER_PATH}/SwiftGifOrigin.framework",
				"${TARGET_BUILD_DIR}/${FRAMEWORKS_FOLDER_PATH}/SwiftyJSON.framework",
			);
			runOnlyForDeploymentPostprocessing = 0;
			shellPath = /bin/sh;
			shellScript = "\"${SRCROOT}/Pods/Target Support Files/Pods-MemoSpace/Pods-MemoSpace-frameworks.sh\"\n";
			showEnvVarsInLog = 0;
		};
		979E7476A1CABCE2C88D3373 /* [CP] Copy Pods Resources */ = {
			isa = PBXShellScriptBuildPhase;
			buildActionMask = 2147483647;
			files = (
			);
			inputPaths = (
			);
			name = "[CP] Copy Pods Resources";
			outputPaths = (
			);
			runOnlyForDeploymentPostprocessing = 0;
			shellPath = /bin/sh;
			shellScript = "\"${SRCROOT}/Pods/Target Support Files/Pods-MemoSpace/Pods-MemoSpace-resources.sh\"\n";
			showEnvVarsInLog = 0;
		};
		FF3F77AD712F05875D70F879 /* [CP] Check Pods Manifest.lock */ = {
			isa = PBXShellScriptBuildPhase;
			buildActionMask = 2147483647;
			files = (
			);
			inputPaths = (
				"${PODS_PODFILE_DIR_PATH}/Podfile.lock",
				"${PODS_ROOT}/Manifest.lock",
			);
			name = "[CP] Check Pods Manifest.lock";
			outputPaths = (
				"$(DERIVED_FILE_DIR)/Pods-MemoSpace-checkManifestLockResult.txt",
			);
			runOnlyForDeploymentPostprocessing = 0;
			shellPath = /bin/sh;
			shellScript = "diff \"${PODS_PODFILE_DIR_PATH}/Podfile.lock\" \"${PODS_ROOT}/Manifest.lock\" > /dev/null\nif [ $? != 0 ] ; then\n    # print error to STDERR\n    echo \"error: The sandbox is not in sync with the Podfile.lock. Run 'pod install' or update your CocoaPods installation.\" >&2\n    exit 1\nfi\n# This output is used by Xcode 'outputs' to avoid re-running this script phase.\necho \"SUCCESS\" > \"${SCRIPT_OUTPUT_FILE_0}\"\n";
			showEnvVarsInLog = 0;
		};
/* End PBXShellScriptBuildPhase section */

/* Begin PBXSourcesBuildPhase section */
		D43B50631F6DCC3D00116DAE /* Sources */ = {
			isa = PBXSourcesBuildPhase;
			buildActionMask = 2147483647;
			files = (
				D43B506F1F6DCC3D00116DAE /* ViewController.swift in Sources */,
				D43B506B1F6DCC3D00116DAE /* AppDelegate.swift in Sources */,
			);
			runOnlyForDeploymentPostprocessing = 0;
		};
/* End PBXSourcesBuildPhase section */

/* Begin PBXVariantGroup section */
		D43B50701F6DCC3D00116DAE /* Main.storyboard */ = {
			isa = PBXVariantGroup;
			children = (
				D43B50711F6DCC3D00116DAE /* Base */,
			);
			name = Main.storyboard;
			sourceTree = "<group>";
		};
		D43B50751F6DCC3D00116DAE /* LaunchScreen.storyboard */ = {
			isa = PBXVariantGroup;
			children = (
				D43B50761F6DCC3D00116DAE /* Base */,
			);
			name = LaunchScreen.storyboard;
			sourceTree = "<group>";
		};
/* End PBXVariantGroup section */

/* Begin XCBuildConfiguration section */
		D43B50791F6DCC3D00116DAE /* Debug */ = {
			isa = XCBuildConfiguration;
			buildSettings = {
				ALWAYS_SEARCH_USER_PATHS = NO;
				CLANG_ANALYZER_NONNULL = YES;
				CLANG_ANALYZER_NUMBER_OBJECT_CONVERSION = YES_AGGRESSIVE;
				CLANG_CXX_LANGUAGE_STANDARD = "gnu++14";
				CLANG_CXX_LIBRARY = "libc++";
				CLANG_ENABLE_MODULES = YES;
				CLANG_ENABLE_OBJC_ARC = YES;
				CLANG_WARN_BLOCK_CAPTURE_AUTORELEASING = YES;
				CLANG_WARN_BOOL_CONVERSION = YES;
				CLANG_WARN_COMMA = YES;
				CLANG_WARN_CONSTANT_CONVERSION = YES;
				CLANG_WARN_DIRECT_OBJC_ISA_USAGE = YES_ERROR;
				CLANG_WARN_DOCUMENTATION_COMMENTS = YES;
				CLANG_WARN_EMPTY_BODY = YES;
				CLANG_WARN_ENUM_CONVERSION = YES;
				CLANG_WARN_INFINITE_RECURSION = YES;
				CLANG_WARN_INT_CONVERSION = YES;
				CLANG_WARN_NON_LITERAL_NULL_CONVERSION = YES;
				CLANG_WARN_OBJC_LITERAL_CONVERSION = YES;
				CLANG_WARN_OBJC_ROOT_CLASS = YES_ERROR;
				CLANG_WARN_RANGE_LOOP_ANALYSIS = YES;
				CLANG_WARN_STRICT_PROTOTYPES = YES;
				CLANG_WARN_SUSPICIOUS_MOVE = YES;
				CLANG_WARN_UNGUARDED_AVAILABILITY = YES_AGGRESSIVE;
				CLANG_WARN_UNREACHABLE_CODE = YES;
				CLANG_WARN__DUPLICATE_METHOD_MATCH = YES;
				CODE_SIGN_IDENTITY = "iPhone Developer";
				COPY_PHASE_STRIP = NO;
				DEBUG_INFORMATION_FORMAT = dwarf;
				ENABLE_STRICT_OBJC_MSGSEND = YES;
				ENABLE_TESTABILITY = YES;
				GCC_C_LANGUAGE_STANDARD = gnu11;
				GCC_DYNAMIC_NO_PIC = NO;
				GCC_NO_COMMON_BLOCKS = YES;
				GCC_OPTIMIZATION_LEVEL = 0;
				GCC_PREPROCESSOR_DEFINITIONS = (
					"DEBUG=1",
					"$(inherited)",
				);
				GCC_WARN_64_TO_32_BIT_CONVERSION = YES;
				GCC_WARN_ABOUT_RETURN_TYPE = YES_ERROR;
				GCC_WARN_UNDECLARED_SELECTOR = YES;
				GCC_WARN_UNINITIALIZED_AUTOS = YES_AGGRESSIVE;
				GCC_WARN_UNUSED_FUNCTION = YES;
				GCC_WARN_UNUSED_VARIABLE = YES;
				IPHONEOS_DEPLOYMENT_TARGET = 11.0;
				MTL_ENABLE_DEBUG_INFO = YES;
				ONLY_ACTIVE_ARCH = YES;
				SDKROOT = iphoneos;
				SWIFT_ACTIVE_COMPILATION_CONDITIONS = DEBUG;
				SWIFT_OPTIMIZATION_LEVEL = "-Onone";
			};
			name = Debug;
		};
		D43B507A1F6DCC3D00116DAE /* Release */ = {
			isa = XCBuildConfiguration;
			buildSettings = {
				ALWAYS_SEARCH_USER_PATHS = NO;
				CLANG_ANALYZER_NONNULL = YES;
				CLANG_ANALYZER_NUMBER_OBJECT_CONVERSION = YES_AGGRESSIVE;
				CLANG_CXX_LANGUAGE_STANDARD = "gnu++14";
				CLANG_CXX_LIBRARY = "libc++";
				CLANG_ENABLE_MODULES = YES;
				CLANG_ENABLE_OBJC_ARC = YES;
				CLANG_WARN_BLOCK_CAPTURE_AUTORELEASING = YES;
				CLANG_WARN_BOOL_CONVERSION = YES;
				CLANG_WARN_COMMA = YES;
				CLANG_WARN_CONSTANT_CONVERSION = YES;
				CLANG_WARN_DIRECT_OBJC_ISA_USAGE = YES_ERROR;
				CLANG_WARN_DOCUMENTATION_COMMENTS = YES;
				CLANG_WARN_EMPTY_BODY = YES;
				CLANG_WARN_ENUM_CONVERSION = YES;
				CLANG_WARN_INFINITE_RECURSION = YES;
				CLANG_WARN_INT_CONVERSION = YES;
				CLANG_WARN_NON_LITERAL_NULL_CONVERSION = YES;
				CLANG_WARN_OBJC_LITERAL_CONVERSION = YES;
				CLANG_WARN_OBJC_ROOT_CLASS = YES_ERROR;
				CLANG_WARN_RANGE_LOOP_ANALYSIS = YES;
				CLANG_WARN_STRICT_PROTOTYPES = YES;
				CLANG_WARN_SUSPICIOUS_MOVE = YES;
				CLANG_WARN_UNGUARDED_AVAILABILITY = YES_AGGRESSIVE;
				CLANG_WARN_UNREACHABLE_CODE = YES;
				CLANG_WARN__DUPLICATE_METHOD_MATCH = YES;
				CODE_SIGN_IDENTITY = "iPhone Developer";
				COPY_PHASE_STRIP = NO;
				DEBUG_INFORMATION_FORMAT = "dwarf-with-dsym";
				ENABLE_NS_ASSERTIONS = NO;
				ENABLE_STRICT_OBJC_MSGSEND = YES;
				GCC_C_LANGUAGE_STANDARD = gnu11;
				GCC_NO_COMMON_BLOCKS = YES;
				GCC_WARN_64_TO_32_BIT_CONVERSION = YES;
				GCC_WARN_ABOUT_RETURN_TYPE = YES_ERROR;
				GCC_WARN_UNDECLARED_SELECTOR = YES;
				GCC_WARN_UNINITIALIZED_AUTOS = YES_AGGRESSIVE;
				GCC_WARN_UNUSED_FUNCTION = YES;
				GCC_WARN_UNUSED_VARIABLE = YES;
				IPHONEOS_DEPLOYMENT_TARGET = 11.0;
				MTL_ENABLE_DEBUG_INFO = NO;
				SDKROOT = iphoneos;
				SWIFT_OPTIMIZATION_LEVEL = "-Owholemodule";
				VALIDATE_PRODUCT = YES;
			};
			name = Release;
		};
		D43B507C1F6DCC3D00116DAE /* Debug */ = {
			isa = XCBuildConfiguration;
			baseConfigurationReference = 2E9CE80514D2AE53DF07439A /* Pods-MemoSpace.debug.xcconfig */;
			buildSettings = {
				ASSETCATALOG_COMPILER_APPICON_NAME = AppIcon;
				CODE_SIGN_STYLE = Automatic;
				DEVELOPMENT_TEAM = J5QMF2757M;
				INFOPLIST_FILE = MemoSpace/Info.plist;
				LD_RUNPATH_SEARCH_PATHS = "$(inherited) @executable_path/Frameworks";
				PRODUCT_BUNDLE_IDENTIFIER = testytester.fghdfghfgfgfg;
				PRODUCT_NAME = "$(TARGET_NAME)";
				SWIFT_VERSION = 4.0;
				TARGETED_DEVICE_FAMILY = "1,2";
			};
			name = Debug;
		};
		D43B507D1F6DCC3D00116DAE /* Release */ = {
			isa = XCBuildConfiguration;
			baseConfigurationReference = 447F37D2AA7261671D816C7A /* Pods-MemoSpace.release.xcconfig */;
			buildSettings = {
				ASSETCATALOG_COMPILER_APPICON_NAME = AppIcon;
				CODE_SIGN_STYLE = Automatic;
				DEVELOPMENT_TEAM = J5QMF2757M;
				INFOPLIST_FILE = MemoSpace/Info.plist;
				LD_RUNPATH_SEARCH_PATHS = "$(inherited) @executable_path/Frameworks";
				PRODUCT_BUNDLE_IDENTIFIER = testytester.fghdfghfgfgfg;
				PRODUCT_NAME = "$(TARGET_NAME)";
				SWIFT_VERSION = 4.0;
				TARGETED_DEVICE_FAMILY = "1,2";
			};
			name = Release;
		};
/* End XCBuildConfiguration section */

/* Begin XCConfigurationList section */
		D43B50621F6DCC3C00116DAE /* Build configuration list for PBXProject "MemoSpace" */ = {
			isa = XCConfigurationList;
			buildConfigurations = (
				D43B50791F6DCC3D00116DAE /* Debug */,
				D43B507A1F6DCC3D00116DAE /* Release */,
			);
			defaultConfigurationIsVisible = 0;
			defaultConfigurationName = Release;
		};
		D43B507B1F6DCC3D00116DAE /* Build configuration list for PBXNativeTarget "MemoSpace" */ = {
			isa = XCConfigurationList;
			buildConfigurations = (
				D43B507C1F6DCC3D00116DAE /* Debug */,
				D43B507D1F6DCC3D00116DAE /* Release */,
			);
			defaultConfigurationIsVisible = 0;
			defaultConfigurationName = Release;
		};
/* End XCConfigurationList section */
	};
	rootObject = D43B505F1F6DCC3C00116DAE /* Project object */;
}
